
Microsoft Visual Studio Solution File, Format Version 12.00
# Visual Studio Version 17
VisualStudioVersion = 17.0.31903.59
MinimumVisualStudioVersion = 10.0.40219.1
Project("{2150E333-8FDC-42A3-9474-1A3956D46DE8}") = "src", "src", "{827E0CD3-B72D-47B6-A68D-7590B98EB39B}"
EndProject
Project("{FAE04EC0-301F-11D3-BF4B-00C04F79EFBC}") = "Domain", "src\Domain\Domain.csproj", "{27A5F864-C06A-4D6D-9D7D-FEFE80A13454}"
EndProject
Project("{FAE04EC0-301F-11D3-BF4B-00C04F79EFBC}") = "Application", "src\Application\Application.csproj", "{F9B54BA0-0178-4732-8967-8D316E894EE2}"
EndProject
Project("{FAE04EC0-301F-11D3-BF4B-00C04F79EFBC}") = "Application.Contracts", "src\Application.Contracts\Application.Contracts.csproj", "{028406BA-62F8-426C-81BD-C5EA9DD0ABF8}"
EndProject
Project("{FAE04EC0-301F-11D3-BF4B-00C04F79EFBC}") = "Infrastructure", "src\Infrastructure\Infrastructure.csproj", "{DFB0A7C7-A03A-441A-916F-59A2E9B35529}"
EndProject
Project("{FAE04EC0-301F-11D3-BF4B-00C04F79EFBC}") = "WebApi", "src\WebApi\WebApi.csproj", "{088F8090-A8E5-4C04-A3CB-DC4487E5B025}"
EndProject
Project("{2150E333-8FDC-42A3-9474-1A3956D46DE8}") = "tests", "tests", "{0AB3BF05-4346-4AA6-1389-037BE0695223}"
EndProject
Project("{FAE04EC0-301F-11D3-BF4B-00C04F79EFBC}") = "Application.UnitTests", "tests\Application.UnitTests\Application.UnitTests.csproj", "{03E76697-0875-41FF-AF5C-A53E521A6E53}"
EndProject
Global
	GlobalSection(SolutionConfigurationPlatforms) = preSolution
		Debug|Any CPU = Debug|Any CPU
		Debug|x64 = Debug|x64
		Debug|x86 = Debug|x86
		Release|Any CPU = Release|Any CPU
		Release|x64 = Release|x64
		Release|x86 = Release|x86
	EndGlobalSection
	GlobalSection(ProjectConfigurationPlatforms) = postSolution
		{27A5F864-C06A-4D6D-9D7D-FEFE80A13454}.Debug|Any CPU.ActiveCfg = Debug|Any CPU
		{27A5F864-C06A-4D6D-9D7D-FEFE80A13454}.Debug|Any CPU.Build.0 = Debug|Any CPU
		{27A5F864-C06A-4D6D-9D7D-FEFE80A13454}.Debug|x64.ActiveCfg = Debug|Any CPU
		{27A5F864-C06A-4D6D-9D7D-FEFE80A13454}.Debug|x64.Build.0 = Debug|Any CPU
		{27A5F864-C06A-4D6D-9D7D-FEFE80A13454}.Debug|x86.ActiveCfg = Debug|Any CPU
		{27A5F864-C06A-4D6D-9D7D-FEFE80A13454}.Debug|x86.Build.0 = Debug|Any CPU
		{27A5F864-C06A-4D6D-9D7D-FEFE80A13454}.Release|Any CPU.ActiveCfg = Release|Any CPU
		{27A5F864-C06A-4D6D-9D7D-FEFE80A13454}.Release|Any CPU.Build.0 = Release|Any CPU
		{27A5F864-C06A-4D6D-9D7D-FEFE80A13454}.Release|x64.ActiveCfg = Release|Any CPU
		{27A5F864-C06A-4D6D-9D7D-FEFE80A13454}.Release|x64.Build.0 = Release|Any CPU
		{27A5F864-C06A-4D6D-9D7D-FEFE80A13454}.Release|x86.ActiveCfg = Release|Any CPU
		{27A5F864-C06A-4D6D-9D7D-FEFE80A13454}.Release|x86.Build.0 = Release|Any CPU
		{F9B54BA0-0178-4732-8967-8D316E894EE2}.Debug|Any CPU.ActiveCfg = Debug|Any CPU
		{F9B54BA0-0178-4732-8967-8D316E894EE2}.Debug|Any CPU.Build.0 = Debug|Any CPU
		{F9B54BA0-0178-4732-8967-8D316E894EE2}.Debug|x64.ActiveCfg = Debug|Any CPU
		{F9B54BA0-0178-4732-8967-8D316E894EE2}.Debug|x64.Build.0 = Debug|Any CPU
		{F9B54BA0-0178-4732-8967-8D316E894EE2}.Debug|x86.ActiveCfg = Debug|Any CPU
		{F9B54BA0-0178-4732-8967-8D316E894EE2}.Debug|x86.Build.0 = Debug|Any CPU
		{F9B54BA0-0178-4732-8967-8D316E894EE2}.Release|Any CPU.ActiveCfg = Release|Any CPU
		{F9B54BA0-0178-4732-8967-8D316E894EE2}.Release|Any CPU.Build.0 = Release|Any CPU
		{F9B54BA0-0178-4732-8967-8D316E894EE2}.Release|x64.ActiveCfg = Release|Any CPU
		{F9B54BA0-0178-4732-8967-8D316E894EE2}.Release|x64.Build.0 = Release|Any CPU
		{F9B54BA0-0178-4732-8967-8D316E894EE2}.Release|x86.ActiveCfg = Release|Any CPU
		{F9B54BA0-0178-4732-8967-8D316E894EE2}.Release|x86.Build.0 = Release|Any CPU
		{028406BA-62F8-426C-81BD-C5EA9DD0ABF8}.Debug|Any CPU.ActiveCfg = Debug|Any CPU
		{028406BA-62F8-426C-81BD-C5EA9DD0ABF8}.Debug|Any CPU.Build.0 = Debug|Any CPU
		{028406BA-62F8-426C-81BD-C5EA9DD0ABF8}.Debug|x64.ActiveCfg = Debug|Any CPU
		{028406BA-62F8-426C-81BD-C5EA9DD0ABF8}.Debug|x64.Build.0 = Debug|Any CPU
		{028406BA-62F8-426C-81BD-C5EA9DD0ABF8}.Debug|x86.ActiveCfg = Debug|Any CPU
		{028406BA-62F8-426C-81BD-C5EA9DD0ABF8}.Debug|x86.Build.0 = Debug|Any CPU
		{028406BA-62F8-426C-81BD-C5EA9DD0ABF8}.Release|Any CPU.ActiveCfg = Release|Any CPU
		{028406BA-62F8-426C-81BD-C5EA9DD0ABF8}.Release|Any CPU.Build.0 = Release|Any CPU
		{028406BA-62F8-426C-81BD-C5EA9DD0ABF8}.Release|x64.ActiveCfg = Release|Any CPU
		{028406BA-62F8-426C-81BD-C5EA9DD0ABF8}.Release|x64.Build.0 = Release|Any CPU
		{028406BA-62F8-426C-81BD-C5EA9DD0ABF8}.Release|x86.ActiveCfg = Release|Any CPU
		{028406BA-62F8-426C-81BD-C5EA9DD0ABF8}.Release|x86.Build.0 = Release|Any CPU
		{DFB0A7C7-A03A-441A-916F-59A2E9B35529}.Debug|Any CPU.ActiveCfg = Debug|Any CPU
		{DFB0A7C7-A03A-441A-916F-59A2E9B35529}.Debug|Any CPU.Build.0 = Debug|Any CPU
		{DFB0A7C7-A03A-441A-916F-59A2E9B35529}.Debug|x64.ActiveCfg = Debug|Any CPU
		{DFB0A7C7-A03A-441A-916F-59A2E9B35529}.Debug|x64.Build.0 = Debug|Any CPU
		{DFB0A7C7-A03A-441A-916F-59A2E9B35529}.Debug|x86.ActiveCfg = Debug|Any CPU
		{DFB0A7C7-A03A-441A-916F-59A2E9B35529}.Debug|x86.Build.0 = Debug|Any CPU
		{DFB0A7C7-A03A-441A-916F-59A2E9B35529}.Release|Any CPU.ActiveCfg = Release|Any CPU
		{DFB0A7C7-A03A-441A-916F-59A2E9B35529}.Release|Any CPU.Build.0 = Release|Any CPU
		{DFB0A7C7-A03A-441A-916F-59A2E9B35529}.Release|x64.ActiveCfg = Release|Any CPU
		{DFB0A7C7-A03A-441A-916F-59A2E9B35529}.Release|x64.Build.0 = Release|Any CPU
		{DFB0A7C7-A03A-441A-916F-59A2E9B35529}.Release|x86.ActiveCfg = Release|Any CPU
		{DFB0A7C7-A03A-441A-916F-59A2E9B35529}.Release|x86.Build.0 = Release|Any CPU
		{088F8090-A8E5-4C04-A3CB-DC4487E5B025}.Debug|Any CPU.ActiveCfg = Debug|Any CPU
		{088F8090-A8E5-4C04-A3CB-DC4487E5B025}.Debug|Any CPU.Build.0 = Debug|Any CPU
		{088F8090-A8E5-4C04-A3CB-DC4487E5B025}.Debug|x64.ActiveCfg = Debug|Any CPU
		{088F8090-A8E5-4C04-A3CB-DC4487E5B025}.Debug|x64.Build.0 = Debug|Any CPU
		{088F8090-A8E5-4C04-A3CB-DC4487E5B025}.Debug|x86.ActiveCfg = Debug|Any CPU
		{088F8090-A8E5-4C04-A3CB-DC4487E5B025}.Debug|x86.Build.0 = Debug|Any CPU
		{088F8090-A8E5-4C04-A3CB-DC4487E5B025}.Release|Any CPU.ActiveCfg = Release|Any CPU
		{088F8090-A8E5-4C04-A3CB-DC4487E5B025}.Release|Any CPU.Build.0 = Release|Any CPU
		{088F8090-A8E5-4C04-A3CB-DC4487E5B025}.Release|x64.ActiveCfg = Release|Any CPU
		{088F8090-A8E5-4C04-A3CB-DC4487E5B025}.Release|x64.Build.0 = Release|Any CPU
		{088F8090-A8E5-4C04-A3CB-DC4487E5B025}.Release|x86.ActiveCfg = Release|Any CPU
		{088F8090-A8E5-4C04-A3CB-DC4487E5B025}.Release|x86.Build.0 = Release|Any CPU
		{03E76697-0875-41FF-AF5C-A53E521A6E53}.Debug|Any CPU.ActiveCfg = Debug|Any CPU
		{03E76697-0875-41FF-AF5C-A53E521A6E53}.Debug|Any CPU.Build.0 = Debug|Any CPU
		{03E76697-0875-41FF-AF5C-A53E521A6E53}.Debug|x64.ActiveCfg = Debug|Any CPU
		{03E76697-0875-41FF-AF5C-A53E521A6E53}.Debug|x64.Build.0 = Debug|Any CPU
		{03E76697-0875-41FF-AF5C-A53E521A6E53}.Debug|x86.ActiveCfg = Debug|Any CPU
		{03E76697-0875-41FF-AF5C-A53E521A6E53}.Debug|x86.Build.0 = Debug|Any CPU
		{03E76697-0875-41FF-AF5C-A53E521A6E53}.Release|Any CPU.ActiveCfg = Release|Any CPU
		{03E76697-0875-41FF-AF5C-A53E521A6E53}.Release|Any CPU.Build.0 = Release|Any CPU
		{03E76697-0875-41FF-AF5C-A53E521A6E53}.Release|x64.ActiveCfg = Release|Any CPU
		{03E76697-0875-41FF-AF5C-A53E521A6E53}.Release|x64.Build.0 = Release|Any CPU
		{03E76697-0875-41FF-AF5C-A53E521A6E53}.Release|x86.ActiveCfg = Release|Any CPU
		{03E76697-0875-41FF-AF5C-A53E521A6E53}.Release|x86.Build.0 = Release|Any CPU
	EndGlobalSection
	GlobalSection(SolutionProperties) = preSolution
		HideSolutionNode = FALSE
	EndGlobalSection
	GlobalSection(NestedProjects) = preSolution
		{27A5F864-C06A-4D6D-9D7D-FEFE80A13454} = {827E0CD3-B72D-47B6-A68D-7590B98EB39B}
		{F9B54BA0-0178-4732-8967-8D316E894EE2} = {827E0CD3-B72D-47B6-A68D-7590B98EB39B}
		{028406BA-62F8-426C-81BD-C5EA9DD0ABF8} = {827E0CD3-B72D-47B6-A68D-7590B98EB39B}
		{DFB0A7C7-A03A-441A-916F-59A2E9B35529} = {827E0CD3-B72D-47B6-A68D-7590B98EB39B}
		{088F8090-A8E5-4C04-A3CB-DC4487E5B025} = {827E0CD3-B72D-47B6-A68D-7590B98EB39B}
		{03E76697-0875-41FF-AF5C-A53E521A6E53} = {0AB3BF05-4346-4AA6-1389-037BE0695223}
	EndGlobalSection
EndGlobal
